
Microsoft Visual Studio Solution File, Format Version 12.00
# Visual Studio Version 16
VisualStudioVersion = 16.0.30114.105
MinimumVisualStudioVersion = 10.0.40219.1
Project("{FAE04EC0-301F-11D3-BF4B-00C04F79EFBC}") = "Csharp_Class", "Csharp_Class\Csharp_Class.csproj", "{6CBBCF99-0720-4C21-A401-6065740C1235}"
EndProject
Global
	GlobalSection(SolutionConfigurationPlatforms) = preSolution
		Debug|Any CPU = Debug|Any CPU
		Release|Any CPU = Release|Any CPU
	EndGlobalSection
	GlobalSection(ProjectConfigurationPlatforms) = postSolution
		{6CBBCF99-0720-4C21-A401-6065740C1235}.Debug|Any CPU.ActiveCfg = Debug|Any CPU
		{6CBBCF99-0720-4C21-A401-6065740C1235}.Debug|Any CPU.Build.0 = Debug|Any CPU
		{6CBBCF99-0720-4C21-A401-6065740C1235}.Release|Any CPU.ActiveCfg = Release|Any CPU
		{6CBBCF99-0720-4C21-A401-6065740C1235}.Release|Any CPU.Build.0 = Release|Any CPU
	EndGlobalSection
	GlobalSection(SolutionProperties) = preSolution
		HideSolutionNode = FALSE
	EndGlobalSection
	GlobalSection(ExtensibilityGlobals) = postSolution
		SolutionGuid = {90A2479D-9D56-4192-BFCA-BCD0FFFBD649}
	EndGlobalSection
EndGlobal
